
Microsoft Visual Studio Solution File, Format Version 12.00
# Visual Studio 2013
VisualStudioVersion = 12.0.21005.1
MinimumVisualStudioVersion = 10.0.40219.1
Project("{FAE04EC0-301F-11D3-BF4B-00C04F79EFBC}") = "WKR1", "WKR1\WKR1.csproj", "{2BC5C2B0-86BC-4A75-B609-911B8E42515D}"
EndProject
Project("{FAE04EC0-301F-11D3-BF4B-00C04F79EFBC}") = "FormsWKR1", "FormsWKR1\FormsWKR1.csproj", "{062378AB-0755-490F-A65D-F97F2A674715}"
	ProjectSection(ProjectDependencies) = postProject
		{2BC5C2B0-86BC-4A75-B609-911B8E42515D} = {2BC5C2B0-86BC-4A75-B609-911B8E42515D}
	EndProjectSection
EndProject
Global
	GlobalSection(SolutionConfigurationPlatforms) = preSolution
		Debug|Any CPU = Debug|Any CPU
		Release|Any CPU = Release|Any CPU
	EndGlobalSection
	GlobalSection(ProjectConfigurationPlatforms) = postSolution
		{2BC5C2B0-86BC-4A75-B609-911B8E42515D}.Debug|Any CPU.ActiveCfg = Debug|Any CPU
		{2BC5C2B0-86BC-4A75-B609-911B8E42515D}.Debug|Any CPU.Build.0 = Debug|Any CPU
		{2BC5C2B0-86BC-4A75-B609-911B8E42515D}.Release|Any CPU.ActiveCfg = Release|Any CPU
		{2BC5C2B0-86BC-4A75-B609-911B8E42515D}.Release|Any CPU.Build.0 = Release|Any CPU
		{062378AB-0755-490F-A65D-F97F2A674715}.Debug|Any CPU.ActiveCfg = Debug|Any CPU
		{062378AB-0755-490F-A65D-F97F2A674715}.Debug|Any CPU.Build.0 = Debug|Any CPU
		{062378AB-0755-490F-A65D-F97F2A674715}.Release|Any CPU.ActiveCfg = Release|Any CPU
		{062378AB-0755-490F-A65D-F97F2A674715}.Release|Any CPU.Build.0 = Release|Any CPU
	EndGlobalSection
	GlobalSection(SolutionProperties) = preSolution
		HideSolutionNode = FALSE
	EndGlobalSection
EndGlobal
